
Microsoft Visual Studio Solution File, Format Version 12.00
# Visual Studio 2013
VisualStudioVersion = 12.0.31101.0
MinimumVisualStudioVersion = 10.0.40219.1
Project("{2150E333-8FDC-42A3-9474-1A3956D46DE8}") = "DMS.UI", "DMS.UI", "{EE6C702C-CDEB-4BAD-8691-A8721A5F869C}"
EndProject
Project("{2150E333-8FDC-42A3-9474-1A3956D46DE8}") = "DMS.Domain", "DMS.Domain", "{E46CCB6D-5143-4ECF-801F-D849FDFEF7DC}"
EndProject
Project("{2150E333-8FDC-42A3-9474-1A3956D46DE8}") = "DMS.Services", "DMS.Services", "{547677EA-98E6-4089-A234-4E9FB4DBBF16}"
EndProject
Project("{2150E333-8FDC-42A3-9474-1A3956D46DE8}") = "DMS.Core", "DMS.Core", "{9D0E4C84-16CC-422E-9075-18AA84425080}"
EndProject
Project("{FAE04EC0-301F-11D3-BF4B-00C04F79EFBC}") = "DMS.Entities", "DMS.Entities\DMS.Entities.csproj", "{92F12519-0751-483F-B7D7-1FE1DB43EF6E}"
EndProject
Project("{FAE04EC0-301F-11D3-BF4B-00C04F79EFBC}") = "DMS.Common", "DMS.Common\DMS.Common.csproj", "{1A9E09D5-CCC0-4DEF-9EFD-C703361AFE7F}"
EndProject
Project("{FAE04EC0-301F-11D3-BF4B-00C04F79EFBC}") = "DMS.Services", "DMS.Services\DMS.Services.csproj", "{90AEF740-C817-4CEB-937E-F208AD261482}"
EndProject
Project("{FAE04EC0-301F-11D3-BF4B-00C04F79EFBC}") = "DMS.BMW.WebUI", "DMS.BMW.WebUI\DMS.BMW.WebUI.csproj", "{71B3C5C2-9F8B-4828-905E-2C9BBE3B8FCB}"
EndProject
Project("{2150E333-8FDC-42A3-9474-1A3956D46DE8}") = "DMS.Test", "DMS.Test", "{6A6A103E-7730-412D-A46B-7F32069A4AF8}"
EndProject
Project("{FAE04EC0-301F-11D3-BF4B-00C04F79EFBC}") = "DMS.WebTest", "DMS.WebTest\DMS.WebTest.csproj", "{235DB70F-1E25-49D3-ACA9-431697996758}"
EndProject
Project("{FAE04EC0-301F-11D3-BF4B-00C04F79EFBC}") = "DMS.SQLRepository", "DMS.SQLRepository\DMS.SQLRepository.csproj", "{F466EAC6-95EC-4E21-949C-F7CBBD346BDF}"
EndProject
Project("{FAE04EC0-301F-11D3-BF4B-00C04F79EFBC}") = "DMS.MongoDbNlog", "DMS.MongoDbNlog\DMS.MongoDbNlog.csproj", "{5D2239FE-C247-4CFB-BE73-ACC18EFAF72B}"
EndProject
Project("{FAE04EC0-301F-11D3-BF4B-00C04F79EFBC}") = "DMS.WebUI", "DMS.WebUI\DMS.WebUI.csproj", "{6710F879-6D0D-4220-9C41-956E65E0351B}"
EndProject
Global
	GlobalSection(SolutionConfigurationPlatforms) = preSolution
		Debug|Any CPU = Debug|Any CPU
		Release|Any CPU = Release|Any CPU
	EndGlobalSection
	GlobalSection(ProjectConfigurationPlatforms) = postSolution
		{92F12519-0751-483F-B7D7-1FE1DB43EF6E}.Debug|Any CPU.ActiveCfg = Debug|Any CPU
		{92F12519-0751-483F-B7D7-1FE1DB43EF6E}.Debug|Any CPU.Build.0 = Debug|Any CPU
		{92F12519-0751-483F-B7D7-1FE1DB43EF6E}.Release|Any CPU.ActiveCfg = Release|Any CPU
		{92F12519-0751-483F-B7D7-1FE1DB43EF6E}.Release|Any CPU.Build.0 = Release|Any CPU
		{1A9E09D5-CCC0-4DEF-9EFD-C703361AFE7F}.Debug|Any CPU.ActiveCfg = Debug|Any CPU
		{1A9E09D5-CCC0-4DEF-9EFD-C703361AFE7F}.Debug|Any CPU.Build.0 = Debug|Any CPU
		{1A9E09D5-CCC0-4DEF-9EFD-C703361AFE7F}.Release|Any CPU.ActiveCfg = Release|Any CPU
		{1A9E09D5-CCC0-4DEF-9EFD-C703361AFE7F}.Release|Any CPU.Build.0 = Release|Any CPU
		{90AEF740-C817-4CEB-937E-F208AD261482}.Debug|Any CPU.ActiveCfg = Debug|Any CPU
		{90AEF740-C817-4CEB-937E-F208AD261482}.Debug|Any CPU.Build.0 = Debug|Any CPU
		{90AEF740-C817-4CEB-937E-F208AD261482}.Release|Any CPU.ActiveCfg = Release|Any CPU
		{90AEF740-C817-4CEB-937E-F208AD261482}.Release|Any CPU.Build.0 = Release|Any CPU
		{71B3C5C2-9F8B-4828-905E-2C9BBE3B8FCB}.Debug|Any CPU.ActiveCfg = Debug|Any CPU
		{71B3C5C2-9F8B-4828-905E-2C9BBE3B8FCB}.Debug|Any CPU.Build.0 = Debug|Any CPU
		{71B3C5C2-9F8B-4828-905E-2C9BBE3B8FCB}.Release|Any CPU.ActiveCfg = Release|Any CPU
		{71B3C5C2-9F8B-4828-905E-2C9BBE3B8FCB}.Release|Any CPU.Build.0 = Release|Any CPU
		{235DB70F-1E25-49D3-ACA9-431697996758}.Debug|Any CPU.ActiveCfg = Debug|Any CPU
		{235DB70F-1E25-49D3-ACA9-431697996758}.Debug|Any CPU.Build.0 = Debug|Any CPU
		{235DB70F-1E25-49D3-ACA9-431697996758}.Release|Any CPU.ActiveCfg = Release|Any CPU
		{235DB70F-1E25-49D3-ACA9-431697996758}.Release|Any CPU.Build.0 = Release|Any CPU
		{F466EAC6-95EC-4E21-949C-F7CBBD346BDF}.Debug|Any CPU.ActiveCfg = Debug|Any CPU
		{F466EAC6-95EC-4E21-949C-F7CBBD346BDF}.Debug|Any CPU.Build.0 = Debug|Any CPU
		{F466EAC6-95EC-4E21-949C-F7CBBD346BDF}.Release|Any CPU.ActiveCfg = Release|Any CPU
		{F466EAC6-95EC-4E21-949C-F7CBBD346BDF}.Release|Any CPU.Build.0 = Release|Any CPU
		{5D2239FE-C247-4CFB-BE73-ACC18EFAF72B}.Debug|Any CPU.ActiveCfg = Debug|Any CPU
		{5D2239FE-C247-4CFB-BE73-ACC18EFAF72B}.Debug|Any CPU.Build.0 = Debug|Any CPU
		{5D2239FE-C247-4CFB-BE73-ACC18EFAF72B}.Release|Any CPU.ActiveCfg = Release|Any CPU
		{5D2239FE-C247-4CFB-BE73-ACC18EFAF72B}.Release|Any CPU.Build.0 = Release|Any CPU
		{6710F879-6D0D-4220-9C41-956E65E0351B}.Debug|Any CPU.ActiveCfg = Debug|Any CPU
		{6710F879-6D0D-4220-9C41-956E65E0351B}.Debug|Any CPU.Build.0 = Debug|Any CPU
		{6710F879-6D0D-4220-9C41-956E65E0351B}.Release|Any CPU.ActiveCfg = Release|Any CPU
		{6710F879-6D0D-4220-9C41-956E65E0351B}.Release|Any CPU.Build.0 = Release|Any CPU
	EndGlobalSection
	GlobalSection(SolutionProperties) = preSolution
		HideSolutionNode = FALSE
	EndGlobalSection
	GlobalSection(NestedProjects) = preSolution
		{92F12519-0751-483F-B7D7-1FE1DB43EF6E} = {E46CCB6D-5143-4ECF-801F-D849FDFEF7DC}
		{1A9E09D5-CCC0-4DEF-9EFD-C703361AFE7F} = {9D0E4C84-16CC-422E-9075-18AA84425080}
		{90AEF740-C817-4CEB-937E-F208AD261482} = {547677EA-98E6-4089-A234-4E9FB4DBBF16}
		{71B3C5C2-9F8B-4828-905E-2C9BBE3B8FCB} = {EE6C702C-CDEB-4BAD-8691-A8721A5F869C}
		{235DB70F-1E25-49D3-ACA9-431697996758} = {6A6A103E-7730-412D-A46B-7F32069A4AF8}
		{F466EAC6-95EC-4E21-949C-F7CBBD346BDF} = {E46CCB6D-5143-4ECF-801F-D849FDFEF7DC}
		{5D2239FE-C247-4CFB-BE73-ACC18EFAF72B} = {9D0E4C84-16CC-422E-9075-18AA84425080}
		{6710F879-6D0D-4220-9C41-956E65E0351B} = {EE6C702C-CDEB-4BAD-8691-A8721A5F869C}
	EndGlobalSection
EndGlobal
